
Microsoft Visual Studio Solution File, Format Version 12.00
# Visual Studio Version 16
VisualStudioVersion = 16.0.33130.400
MinimumVisualStudioVersion = 10.0.40219.1
Project("{FAE04EC0-301F-11D3-BF4B-00C04F79EFBC}") = "TelegramBot", "TelegramBot\TelegramBot.csproj", "{E04C3C72-1BBE-4B12-AD9D-D1460EF048F9}"
EndProject
Global
	GlobalSection(SolutionConfigurationPlatforms) = preSolution
		Debug|Any CPU = Debug|Any CPU
		Release|Any CPU = Release|Any CPU
	EndGlobalSection
	GlobalSection(ProjectConfigurationPlatforms) = postSolution
		{E04C3C72-1BBE-4B12-AD9D-D1460EF048F9}.Debug|Any CPU.ActiveCfg = Debug|Any CPU
		{E04C3C72-1BBE-4B12-AD9D-D1460EF048F9}.Debug|Any CPU.Build.0 = Debug|Any CPU
		{E04C3C72-1BBE-4B12-AD9D-D1460EF048F9}.Release|Any CPU.ActiveCfg = Release|Any CPU
		{E04C3C72-1BBE-4B12-AD9D-D1460EF048F9}.Release|Any CPU.Build.0 = Release|Any CPU
	EndGlobalSection
	GlobalSection(SolutionProperties) = preSolution
		HideSolutionNode = FALSE
	EndGlobalSection
	GlobalSection(ExtensibilityGlobals) = postSolution
		SolutionGuid = {8634B769-CE45-4022-A139-C9CB3ED0DEB6}
	EndGlobalSection
EndGlobal
